{
  "lockfileVersion": 1,
  "configVersion": 0,
  "workspaces": {
    "": {
      "name": "react-starter",
      "dependencies": {
        "@dimforge/rapier3d-compat": "^0.19.3",
        "@react-three/drei": "^10.7.8",
        "@react-three/fiber": "^9.7.0",
        "lucide-react": "^0.468.0",
        "react": "^19.2.8",
        "react-dom": "^19.2.8",
        "simplex-noise": "^4.0.3",
        "three": "^0.185.1",
      },
      "devDependencies": {
        "@types/node": "^24.13.3",
        "@types/react": "^19.2.18",
        "@types/react-dom": "^19.2.4",
        "@types/three": "^0.185.4",
        "@vitejs/plugin-react": "^6.1.0",
        "oxlint": "^1.79.0",
        "typescript": "~6.0.2",
        "vite": "^8.2.2",
      },
    },
  },
  "packages": {
    "@babel/runtime": ["@babel/runtime@7.29.7", "https://ms-feed-25.pkgs.visualstudio.com/1es-public/_packaging/npm-public/npm/registry/@babel/runtime/-/runtime-7.29.7.tgz", {}, "sha1-EgIkUMRaTabY2Ch7GKT/Ldsj92g="],

    "@dimforge/rapier3d-compat": ["@dimforge/rapier3d-compat@0.19.3", "https://ms-feed-25.pkgs.visualstudio.com/1es-public/_packaging/npm-public/npm/registry/@dimforge/rapier3d-compat/-/rapier3d-compat-0.19.3.tgz", {}, "sha1-twkvTHXmlnUMgXyf9gRqjRMBWGQ="],

    "@mediapipe/tasks-vision": ["@mediapipe/tasks-vision@0.10.17", "https://ms-feed-25.pkgs.visualstudio.com/1es-public/_packaging/npm-public/npm/registry/@mediapipe/tasks-vision/-/tasks-vision-0.10.17.tgz", {}, "sha1-LBxz7YGQKyHTczalh7lhg7togtU="],

    "@monogrid/gainmap-js": ["@monogrid/gainmap-js@3.4.0", "https://ms-feed-25.pkgs.visualstudio.com/1es-public/_packaging/npm-public/npm/registry/@monogrid/gainmap-js/-/gainmap-js-3.4.0.tgz", { "dependencies": { "promise-worker-transferable": "^1.0.4" }, "peerDependencies": { "three": ">= 0.159.0" } }, "sha1-l4ipLTRTDT2idP7400RdAIxkDEg="],

    "@oxc-project/types": ["@oxc-project/types@0.148.0", "https://ms-feed-25.pkgs.visualstudio.com/1es-public/_packaging/npm-public/npm/registry/@oxc-project/types/-/types-0.148.0.tgz", {}, "sha1-gR0Yii4a81eERhuKBJDhOj12g3w="],

    "@oxlint/binding-android-arm-eabi": ["@oxlint/binding-android-arm-eabi@1.81.0", "https://ms-feed-25.pkgs.visualstudio.com/1es-public/_packaging/npm-public/npm/registry/@oxlint/binding-android-arm-eabi/-/binding-android-arm-eabi-1.81.0.tgz", { "os": "android", "cpu": "arm" }, "sha1-hqAwVIDmgEMUKcglnFcBrFWS5Kc="],

    "@oxlint/binding-android-arm64": ["@oxlint/binding-android-arm64@1.81.0", "https://ms-feed-25.pkgs.visualstudio.com/1es-public/_packaging/npm-public/npm/registry/@oxlint/binding-android-arm64/-/binding-android-arm64-1.81.0.tgz", { "os": "android", "cpu": "arm64" }, "sha1-26UcsqEljzfqyhWk501dbuGfI4w="],

    "@oxlint/binding-darwin-arm64": ["@oxlint/binding-darwin-arm64@1.81.0", "https://ms-feed-25.pkgs.visualstudio.com/1es-public/_packaging/npm-public/npm/registry/@oxlint/binding-darwin-arm64/-/binding-darwin-arm64-1.81.0.tgz", { "os": "darwin", "cpu": "arm64" }, "sha1-84SuHt3TmUKSgfiKAHNynih+wLE="],

    "@oxlint/binding-darwin-x64": ["@oxlint/binding-darwin-x64@1.81.0", "https://ms-feed-25.pkgs.visualstudio.com/1es-public/_packaging/npm-public/npm/registry/@oxlint/binding-darwin-x64/-/binding-darwin-x64-1.81.0.tgz", { "os": "darwin", "cpu": "x64" }, "sha1-cWfjtMGIUvzR3a3lNtIy1z1V0ww="],

    "@oxlint/binding-freebsd-x64": ["@oxlint/binding-freebsd-x64@1.81.0", "https://ms-feed-25.pkgs.visualstudio.com/1es-public/_packaging/npm-public/npm/registry/@oxlint/binding-freebsd-x64/-/binding-freebsd-x64-1.81.0.tgz", { "os": "freebsd", "cpu": "x64" }, "sha1-ZPIwdlNDv+fiKAsHG7GRu2ZjA6w="],

    "@oxlint/binding-linux-arm-gnueabihf": ["@oxlint/binding-linux-arm-gnueabihf@1.81.0", "https://ms-feed-25.pkgs.visualstudio.com/1es-public/_packaging/npm-public/npm/registry/@oxlint/binding-linux-arm-gnueabihf/-/binding-linux-arm-gnueabihf-1.81.0.tgz", { "os": "linux", "cpu": "arm" }, "sha1-UJXwIaKACRRvdTanzNUYzfy/w78="],

    "@oxlint/binding-linux-arm-musleabihf": ["@oxlint/binding-linux-arm-musleabihf@1.81.0", "https://ms-feed-25.pkgs.visualstudio.com/1es-public/_packaging/npm-public/npm/registry/@oxlint/binding-linux-arm-musleabihf/-/binding-linux-arm-musleabihf-1.81.0.tgz", { "os": "linux", "cpu": "arm" }, "sha1-2JTc+2+xuLIkt55s4HsXQD9BN0k="],

    "@oxlint/binding-linux-arm64-gnu": ["@oxlint/binding-linux-arm64-gnu@1.81.0", "https://ms-feed-25.pkgs.visualstudio.com/1es-public/_packaging/npm-public/npm/registry/@oxlint/binding-linux-arm64-gnu/-/binding-linux-arm64-gnu-1.81.0.tgz", { "os": "linux", "cpu": "arm64" }, "sha1-v442LIfngouijC7Da65zrYKYnvE="],

    "@oxlint/binding-linux-arm64-musl": ["@oxlint/binding-linux-arm64-musl@1.81.0", "https://ms-feed-25.pkgs.visualstudio.com/1es-public/_packaging/npm-public/npm/registry/@oxlint/binding-linux-arm64-musl/-/binding-linux-arm64-musl-1.81.0.tgz", { "os": "linux", "cpu": "arm64" }, "sha1-KqUhTrWwMuj3fZSifJvT9tvERvM="],

    "@oxlint/binding-linux-ppc64-gnu": ["@oxlint/binding-linux-ppc64-gnu@1.81.0", "https://ms-feed-25.pkgs.visualstudio.com/1es-public/_packaging/npm-public/npm/registry/@oxlint/binding-linux-ppc64-gnu/-/binding-linux-ppc64-gnu-1.81.0.tgz", { "os": "linux", "cpu": "ppc64" }, "sha1-oK8a9v0wkhRVXzO0+gQy8+xF8kI="],

    "@oxlint/binding-linux-riscv64-gnu": ["@oxlint/binding-linux-riscv64-gnu@1.81.0", "https://ms-feed-25.pkgs.visualstudio.com/1es-public/_packaging/npm-public/npm/registry/@oxlint/binding-linux-riscv64-gnu/-/binding-linux-riscv64-gnu-1.81.0.tgz", { "os": "linux", "cpu": "none" }, "sha1-YEE6M1pj4JEaYl0EdpDkHAPyqDM="],

    "@oxlint/binding-linux-riscv64-musl": ["@oxlint/binding-linux-riscv64-musl@1.81.0", "https://ms-feed-25.pkgs.visualstudio.com/1es-public/_packaging/npm-public/npm/registry/@oxlint/binding-linux-riscv64-musl/-/binding-linux-riscv64-musl-1.81.0.tgz", { "os": "linux", "cpu": "none" }, "sha1-Xx3XvCvb6S+lRU3wge6R+ixJmUg="],

    "@oxlint/binding-linux-s390x-gnu": ["@oxlint/binding-linux-s390x-gnu@1.81.0", "https://ms-feed-25.pkgs.visualstudio.com/1es-public/_packaging/npm-public/npm/registry/@oxlint/binding-linux-s390x-gnu/-/binding-linux-s390x-gnu-1.81.0.tgz", { "os": "linux", "cpu": "s390x" }, "sha1-gwxb3RRa05ybU3HjIU0Kn5wfRrE="],

    "@oxlint/binding-linux-x64-gnu": ["@oxlint/binding-linux-x64-gnu@1.81.0", "https://ms-feed-25.pkgs.visualstudio.com/1es-public/_packaging/npm-public/npm/registry/@oxlint/binding-linux-x64-gnu/-/binding-linux-x64-gnu-1.81.0.tgz", { "os": "linux", "cpu": "x64" }, "sha1-f3LqPJrnCnbBqS5WpXVYafM151Y="],

    "@oxlint/binding-linux-x64-musl": ["@oxlint/binding-linux-x64-musl@1.81.0", "https://ms-feed-25.pkgs.visualstudio.com/1es-public/_packaging/npm-public/npm/registry/@oxlint/binding-linux-x64-musl/-/binding-linux-x64-musl-1.81.0.tgz", { "os": "linux", "cpu": "x64" }, "sha1-dY/W6mkSPG9MG6Fgv8KPa4RUjBE="],

    "@oxlint/binding-openharmony-arm64": ["@oxlint/binding-openharmony-arm64@1.81.0", "https://ms-feed-25.pkgs.visualstudio.com/1es-public/_packaging/npm-public/npm/registry/@oxlint/binding-openharmony-arm64/-/binding-openharmony-arm64-1.81.0.tgz", { "os": "none", "cpu": "arm64" }, "sha1-5JK3oYdbcOpV/+E/aF1DAuaxkA4="],

    "@oxlint/binding-win32-arm64-msvc": ["@oxlint/binding-win32-arm64-msvc@1.81.0", "https://ms-feed-25.pkgs.visualstudio.com/1es-public/_packaging/npm-public/npm/registry/@oxlint/binding-win32-arm64-msvc/-/binding-win32-arm64-msvc-1.81.0.tgz", { "os": "win32", "cpu": "arm64" }, "sha1-kkf9wbTIbsxxh0fF+MaJApaWd9E="],

    "@oxlint/binding-win32-ia32-msvc": ["@oxlint/binding-win32-ia32-msvc@1.81.0", "https://ms-feed-25.pkgs.visualstudio.com/1es-public/_packaging/npm-public/npm/registry/@oxlint/binding-win32-ia32-msvc/-/binding-win32-ia32-msvc-1.81.0.tgz", { "os": "win32", "cpu": "ia32" }, "sha1-36Tu14YSxfTfeI6wVv1dGwWnW7E="],

    "@oxlint/binding-win32-x64-msvc": ["@oxlint/binding-win32-x64-msvc@1.81.0", "https://ms-feed-25.pkgs.visualstudio.com/1es-public/_packaging/npm-public/npm/registry/@oxlint/binding-win32-x64-msvc/-/binding-win32-x64-msvc-1.81.0.tgz", { "os": "win32", "cpu": "x64" }, "sha1-J6R0zCiOR6DlwtnJIr7mTeDP1hQ="],

    "@react-three/drei": ["@react-three/drei@10.7.8", "https://ms-feed-25.pkgs.visualstudio.com/1es-public/_packaging/npm-public/npm/registry/@react-three/drei/-/drei-10.7.8.tgz", { "dependencies": { "@babel/runtime": "^7.26.0", "@mediapipe/tasks-vision": "0.10.17", "@monogrid/gainmap-js": "^3.0.6", "@use-gesture/react": "^10.3.1", "camera-controls": "^3.1.0", "cross-env": "^7.0.3", "detect-gpu": "^5.0.56", "glsl-noise": "^0.0.0", "hls.js": "^1.5.17", "maath": "^0.10.8", "meshline": "^3.3.1", "stats-gl": "^2.2.8", "stats.js": "^0.17.0", "suspend-react": "^0.1.3", "three-mesh-bvh": "^0.8.3", "three-stdlib": "^2.35.6", "troika-three-text": "^0.52.4", "tunnel-rat": "^0.1.2", "use-sync-external-store": "^1.4.0", "utility-types": "^3.11.0", "zustand": "^5.0.1" }, "peerDependencies": { "@react-three/fiber": "^9.0.0", "react": "^19", "react-dom": "^19", "three": ">=0.159" } }, "sha1-Rhoo/ll2gjLgX89dw8DIhMKhRE8="],

    "@react-three/fiber": ["@react-three/fiber@9.7.0", "https://ms-feed-25.pkgs.visualstudio.com/1es-public/_packaging/npm-public/npm/registry/@react-three/fiber/-/fiber-9.7.0.tgz", { "dependencies": { "@babel/runtime": "^7.17.8", "@types/webxr": "*", "base64-js": "^1.5.1", "buffer": "^6.0.3", "its-fine": "^2.0.0", "react-use-measure": "^2.1.7", "scheduler": "^0.27.0", "suspend-react": "^0.1.3", "use-sync-external-store": "^1.4.0", "zustand": "^5.0.3" }, "peerDependencies": { "expo": ">=43.0", "expo-asset": ">=8.4", "expo-file-system": ">=11.0", "expo-gl": ">=11.0", "react": ">=19 <19.3", "react-dom": ">=19 <19.3", "react-native": ">=0.78", "three": ">=0.156" }, "optionalPeers": ["expo", "expo-asset", "expo-file-system", "expo-gl", "react-native"] }, "sha1-PLYg6v5+05VA0+vvQoDHgnlmwgY="],

    "@rolldown/binding-android-arm-eabi": ["@rolldown/binding-android-arm-eabi@1.2.7", "https://ms-feed-25.pkgs.visualstudio.com/1es-public/_packaging/npm-public/npm/registry/@rolldown/binding-android-arm-eabi/-/binding-android-arm-eabi-1.2.7.tgz", { "os": "android", "cpu": "arm" }, "sha1-mg+bZ1LtUiJU83FegcBm5dpt6ak="],

    "@rolldown/binding-android-arm64": ["@rolldown/binding-android-arm64@1.2.7", "https://ms-feed-25.pkgs.visualstudio.com/1es-public/_packaging/npm-public/npm/registry/@rolldown/binding-android-arm64/-/binding-android-arm64-1.2.7.tgz", { "os": "android", "cpu": "arm64" }, "sha1-u8Wl453qocylZY0HO4x0uc7jKeg="],

    "@rolldown/binding-darwin-arm64": ["@rolldown/binding-darwin-arm64@1.2.7", "https://ms-feed-25.pkgs.visualstudio.com/1es-public/_packaging/npm-public/npm/registry/@rolldown/binding-darwin-arm64/-/binding-darwin-arm64-1.2.7.tgz", { "os": "darwin", "cpu": "arm64" }, "sha1-/zhYUx3yWSARxeoZ57q63yKgNvo="],

    "@rolldown/binding-darwin-x64": ["@rolldown/binding-darwin-x64@1.2.7", "https://ms-feed-25.pkgs.visualstudio.com/1es-public/_packaging/npm-public/npm/registry/@rolldown/binding-darwin-x64/-/binding-darwin-x64-1.2.7.tgz", { "os": "darwin", "cpu": "x64" }, "sha1-e+SAxg36IwSG6E7EMYSAP34XK64="],

    "@rolldown/binding-freebsd-x64": ["@rolldown/binding-freebsd-x64@1.2.7", "https://ms-feed-25.pkgs.visualstudio.com/1es-public/_packaging/npm-public/npm/registry/@rolldown/binding-freebsd-x64/-/binding-freebsd-x64-1.2.7.tgz", { "os": "freebsd", "cpu": "x64" }, "sha1-UzsbWGI8ZTG694w6kRrtWGyS+80="],

    "@rolldown/binding-linux-arm-gnueabihf": ["@rolldown/binding-linux-arm-gnueabihf@1.2.7", "https://ms-feed-25.pkgs.visualstudio.com/1es-public/_packaging/npm-public/npm/registry/@rolldown/binding-linux-arm-gnueabihf/-/binding-linux-arm-gnueabihf-1.2.7.tgz", { "os": "linux", "cpu": "arm" }, "sha1-JIBrXKSeztMdioyYv9eHWULwj8Q="],

    "@rolldown/binding-linux-arm64-gnu": ["@rolldown/binding-linux-arm64-gnu@1.2.7", "https://ms-feed-25.pkgs.visualstudio.com/1es-public/_packaging/npm-public/npm/registry/@rolldown/binding-linux-arm64-gnu/-/binding-linux-arm64-gnu-1.2.7.tgz", { "os": "linux", "cpu": "arm64" }, "sha1-fnPEJRiHECpGX3lAu0DNtsjyMVw="],

    "@rolldown/binding-linux-arm64-musl": ["@rolldown/binding-linux-arm64-musl@1.2.7", "https://ms-feed-25.pkgs.visualstudio.com/1es-public/_packaging/npm-public/npm/registry/@rolldown/binding-linux-arm64-musl/-/binding-linux-arm64-musl-1.2.7.tgz", { "os": "linux", "cpu": "arm64" }, "sha1-9y8sqZR5Fq5o/XkLNtsXdsYbnF0="],

    "@rolldown/binding-linux-ppc64-gnu": ["@rolldown/binding-linux-ppc64-gnu@1.2.7", "https://ms-feed-25.pkgs.visualstudio.com/1es-public/_packaging/npm-public/npm/registry/@rolldown/binding-linux-ppc64-gnu/-/binding-linux-ppc64-gnu-1.2.7.tgz", { "os": "linux", "cpu": "ppc64" }, "sha1-KmvIYlTp9ABHavfUlxuMvFMr7R0="],

    "@rolldown/binding-linux-s390x-gnu": ["@rolldown/binding-linux-s390x-gnu@1.2.7", "https://ms-feed-25.pkgs.visualstudio.com/1es-public/_packaging/npm-public/npm/registry/@rolldown/binding-linux-s390x-gnu/-/binding-linux-s390x-gnu-1.2.7.tgz", { "os": "linux", "cpu": "s390x" }, "sha1-B4iLk2r6kzb96su7K/vxSOMPZO8="],

    "@rolldown/binding-linux-x64-gnu": ["@rolldown/binding-linux-x64-gnu@1.2.7", "https://ms-feed-25.pkgs.visualstudio.com/1es-public/_packaging/npm-public/npm/registry/@rolldown/binding-linux-x64-gnu/-/binding-linux-x64-gnu-1.2.7.tgz", { "os": "linux", "cpu": "x64" }, "sha1-xqOBHJoJMj9evS1Pu3lGUJjhhFk="],

    "@rolldown/binding-linux-x64-musl": ["@rolldown/binding-linux-x64-musl@1.2.7", "https://ms-feed-25.pkgs.visualstudio.com/1es-public/_packaging/npm-public/npm/registry/@rolldown/binding-linux-x64-musl/-/binding-linux-x64-musl-1.2.7.tgz", { "os": "linux", "cpu": "x64" }, "sha1-7xYob50sCRJj5lFC0fYgSrb8Sjo="],

    "@rolldown/binding-openharmony-arm64": ["@rolldown/binding-openharmony-arm64@1.2.7", "https://ms-feed-25.pkgs.visualstudio.com/1es-public/_packaging/npm-public/npm/registry/@rolldown/binding-openharmony-arm64/-/binding-openharmony-arm64-1.2.7.tgz", { "os": "none", "cpu": "arm64" }, "sha1-6FwfbP7QH7+eOxbFFZ4yVItZqW0="],

    "@rolldown/binding-win32-arm64-msvc": ["@rolldown/binding-win32-arm64-msvc@1.2.7", "https://ms-feed-25.pkgs.visualstudio.com/1es-public/_packaging/npm-public/npm/registry/@rolldown/binding-win32-arm64-msvc/-/binding-win32-arm64-msvc-1.2.7.tgz", { "os": "win32", "cpu": "arm64" }, "sha1-gzVG+LBJBNFFPr2vge+GcflaySY="],

    "@rolldown/binding-win32-x64-msvc": ["@rolldown/binding-win32-x64-msvc@1.2.7", "https://ms-feed-25.pkgs.visualstudio.com/1es-public/_packaging/npm-public/npm/registry/@rolldown/binding-win32-x64-msvc/-/binding-win32-x64-msvc-1.2.7.tgz", { "os": "win32", "cpu": "x64" }, "sha1-lhhhBQCMY/1Sssqe1e9edPr1kH8="],

    "@rolldown/pluginutils": ["@rolldown/pluginutils@1.0.1", "https://ms-feed-25.pkgs.visualstudio.com/1es-public/_packaging/npm-public/npm/registry/@rolldown/pluginutils/-/pluginutils-1.0.1.tgz", {}, "sha1-4/zuCT+7XOdl4a0Ij/TeKIn2+b4="],

    "@tweenjs/tween.js": ["@tweenjs/tween.js@23.1.3", "https://ms-feed-25.pkgs.visualstudio.com/1es-public/_packaging/npm-public/npm/registry/@tweenjs/tween.js/-/tween.js-23.1.3.tgz", {}, "sha1-7/AkVzXASpKLsZwCa1jCpWRgU50="],

    "@types/draco3d": ["@types/draco3d@1.4.10", "https://ms-feed-25.pkgs.visualstudio.com/1es-public/_packaging/npm-public/npm/registry/@types/draco3d/-/draco3d-1.4.10.tgz", {}, "sha1-Y+wLp4swvVggPsAx9OTwGYxZbco="],

    "@types/node": ["@types/node@24.13.3", "https://ms-feed-25.pkgs.visualstudio.com/1es-public/_packaging/npm-public/npm/registry/@types/node/-/node-24.13.3.tgz", { "dependencies": { "undici-types": "~7.18.0" } }, "sha1-SfGL08ZHhm3NpRoHVsFF4UWQzhY="],

    "@types/offscreencanvas": ["@types/offscreencanvas@2019.7.3", "https://ms-feed-25.pkgs.visualstudio.com/1es-public/_packaging/npm-public/npm/registry/@types/offscreencanvas/-/offscreencanvas-2019.7.3.tgz", {}, "sha1-kCZ9sT9k1unMta4+rJJ4anx3pRY="],

    "@types/react": ["@types/react@19.2.18", "https://ms-feed-25.pkgs.visualstudio.com/1es-public/_packaging/npm-public/npm/registry/@types/react/-/react-19.2.18.tgz", { "dependencies": { "csstype": "^3.2.2" } }, "sha1-6wtqH7Y10alpLV+Eo0lb2K0VNwc="],

    "@types/react-dom": ["@types/react-dom@19.2.7", "https://ms-feed-25.pkgs.visualstudio.com/1es-public/_packaging/npm-public/npm/registry/@types/react-dom/-/react-dom-19.2.7.tgz", { "peerDependencies": { "@types/react": "^19.2.0" } }, "sha1-66ePxiAeVkmG7EDVbIbIQ0WTys4="],

    "@types/react-reconciler": ["@types/react-reconciler@0.28.9", "https://ms-feed-25.pkgs.visualstudio.com/1es-public/_packaging/npm-public/npm/registry/@types/react-reconciler/-/react-reconciler-0.28.9.tgz", { "peerDependencies": { "@types/react": "*" } }, "sha1-0ktIZMOE53DIMnWz/nP7oAJpyDs="],

    "@types/stats.js": ["@types/stats.js@0.17.4", "https://ms-feed-25.pkgs.visualstudio.com/1es-public/_packaging/npm-public/npm/registry/@types/stats.js/-/stats.js-0.17.4.tgz", {}, "sha1-GTPl/xU6I8dmRIeDMZjWhcIueR4="],

    "@types/three": ["@types/three@0.185.4", "https://ms-feed-25.pkgs.visualstudio.com/1es-public/_packaging/npm-public/npm/registry/@types/three/-/three-0.185.4.tgz", { "dependencies": { "@dimforge/rapier3d-compat": "~0.12.0", "@tweenjs/tween.js": "~23.1.3", "@types/stats.js": "*", "@types/webxr": ">=0.5.17", "fflate": "~0.8.2", "meshoptimizer": "~1.1.1" } }, "sha1-rX8lIV5AHBwgOKwVDnozYTZrOKc="],

    "@types/webxr": ["@types/webxr@0.5.24", "https://ms-feed-25.pkgs.visualstudio.com/1es-public/_packaging/npm-public/npm/registry/@types/webxr/-/webxr-0.5.24.tgz", {}, "sha1-c01dkNrcWAmlPkInJsYDN/ovSkQ="],

    "@use-gesture/core": ["@use-gesture/core@10.3.1", "https://ms-feed-25.pkgs.visualstudio.com/1es-public/_packaging/npm-public/npm/registry/@use-gesture/core/-/core-10.3.1.tgz", {}, "sha1-l2yUIekF8AedSYIs/VwuVrgI/FY="],

    "@use-gesture/react": ["@use-gesture/react@10.3.1", "https://ms-feed-25.pkgs.visualstudio.com/1es-public/_packaging/npm-public/npm/registry/@use-gesture/react/-/react-10.3.1.tgz", { "dependencies": { "@use-gesture/core": "10.3.1" }, "peerDependencies": { "react": ">= 16.8.0" } }, "sha1-F6dDqJTZvZoNGYDGGPN/AWRGmGc="],

    "@vitejs/plugin-react": ["@vitejs/plugin-react@6.1.1", "https://ms-feed-25.pkgs.visualstudio.com/1es-public/_packaging/npm-public/npm/registry/@vitejs/plugin-react/-/plugin-react-6.1.1.tgz", { "dependencies": { "@rolldown/pluginutils": "^1.0.1" }, "peerDependencies": { "@rolldown/plugin-babel": "^0.1.7 || ^0.2.0", "babel-plugin-react-compiler": "^1.0.0", "oxc-transform-react": "^0.145.0", "vite": "^8.0.0" }, "optionalPeers": ["@rolldown/plugin-babel", "babel-plugin-react-compiler", "oxc-transform-react"] }, "sha1-R/oaL5VuiOr3eOv2Xdzo4rNll+c="],

    "base64-js": ["base64-js@1.5.1", "https://ms-feed-25.pkgs.visualstudio.com/1es-public/_packaging/npm-public/npm/registry/base64-js/-/base64-js-1.5.1.tgz", {}, "sha1-GxtEAWClv3rUC2UPCVljSBkDkwo="],

    "bidi-js": ["bidi-js@1.0.3", "https://ms-feed-25.pkgs.visualstudio.com/1es-public/_packaging/npm-public/npm/registry/bidi-js/-/bidi-js-1.0.3.tgz", { "dependencies": { "require-from-string": "^2.0.2" } }, "sha1-b4vPPId8TZIg3fSbm7aTDIj4d9I="],

    "buffer": ["buffer@6.0.3", "https://ms-feed-25.pkgs.visualstudio.com/1es-public/_packaging/npm-public/npm/registry/buffer/-/buffer-6.0.3.tgz", { "dependencies": { "base64-js": "^1.3.1", "ieee754": "^1.2.1" } }, "sha1-Ks5XhFnMj74qcKqo9S7mO2p0xsY="],

    "camera-controls": ["camera-controls@3.1.2", "https://ms-feed-25.pkgs.visualstudio.com/1es-public/_packaging/npm-public/npm/registry/camera-controls/-/camera-controls-3.1.2.tgz", { "peerDependencies": { "three": ">=0.126.1" } }, "sha1-+1BPp3rekpqnXCK6QtC1P0ioHkQ="],

    "cross-env": ["cross-env@7.0.3", "https://ms-feed-25.pkgs.visualstudio.com/1es-public/_packaging/npm-public/npm/registry/cross-env/-/cross-env-7.0.3.tgz", { "dependencies": { "cross-spawn": "^7.0.1" }, "bin": { "cross-env": "src/bin/cross-env.js", "cross-env-shell": "src/bin/cross-env-shell.js" } }, "sha1-hlJkspZ33AFbqEGJGJZd0jL8VM8="],

    "cross-spawn": ["cross-spawn@7.0.6", "https://ms-feed-25.pkgs.visualstudio.com/1es-public/_packaging/npm-public/npm/registry/cross-spawn/-/cross-spawn-7.0.6.tgz", { "dependencies": { "path-key": "^3.1.0", "shebang-command": "^2.0.0", "which": "^2.0.1" } }, "sha1-ilj+ePANzXDDcEUXWd+/rwPo7p8="],

    "csstype": ["csstype@3.2.3", "https://ms-feed-25.pkgs.visualstudio.com/1es-public/_packaging/npm-public/npm/registry/csstype/-/csstype-3.2.3.tgz", {}, "sha1-7EjA8+mT5QZIyG2lWeJhCZXPmJo="],

    "detect-gpu": ["detect-gpu@5.0.70", "https://ms-feed-25.pkgs.visualstudio.com/1es-public/_packaging/npm-public/npm/registry/detect-gpu/-/detect-gpu-5.0.70.tgz", { "dependencies": { "webgl-constants": "^1.1.1" } }, "sha1-2yIC081EBxS6bnif+LYtG1hOq/c="],

    "detect-libc": ["detect-libc@2.1.2", "https://ms-feed-25.pkgs.visualstudio.com/1es-public/_packaging/npm-public/npm/registry/detect-libc/-/detect-libc-2.1.2.tgz", {}, "sha1-aJxdzcGQDvVYOky59te0c3QgdK0="],

    "draco3d": ["draco3d@1.5.7", "https://ms-feed-25.pkgs.visualstudio.com/1es-public/_packaging/npm-public/npm/registry/draco3d/-/draco3d-1.5.7.tgz", {}, "sha1-lPm84pPriSDBWdyRpM6RJKnomeA="],

    "fdir": ["fdir@6.5.0", "https://ms-feed-25.pkgs.visualstudio.com/1es-public/_packaging/npm-public/npm/registry/fdir/-/fdir-6.5.0.tgz", { "peerDependencies": { "picomatch": "^3 || ^4" } }, "sha1-7Sq5Z6MxreYvGNB32uGSaE1Q01A="],

    "fflate": ["fflate@0.8.3", "https://ms-feed-25.pkgs.visualstudio.com/1es-public/_packaging/npm-public/npm/registry/fflate/-/fflate-0.8.3.tgz", {}, "sha1-vCfY6zA0PU1RKrsDSAICzmXYJfw="],

    "fsevents": ["fsevents@2.3.3", "https://ms-feed-25.pkgs.visualstudio.com/1es-public/_packaging/npm-public/npm/registry/fsevents/-/fsevents-2.3.3.tgz", { "os": "darwin" }, "sha1-ysZAd4XQNnWipeGlMFxpezR9kNY="],

    "glsl-noise": ["glsl-noise@0.0.0", "https://ms-feed-25.pkgs.visualstudio.com/1es-public/_packaging/npm-public/npm/registry/glsl-noise/-/glsl-noise-0.0.0.tgz", {}, "sha1-NndF86MzgsDu7Ey1S36Zz8HXZws="],

    "hls.js": ["hls.js@1.7.2", "https://ms-feed-25.pkgs.visualstudio.com/1es-public/_packaging/npm-public/npm/registry/hls.js/-/hls.js-1.7.2.tgz", {}, "sha1-jUFP7sz/uekfMAWb35WqP+Y3byo="],

    "ieee754": ["ieee754@1.2.1", "https://ms-feed-25.pkgs.visualstudio.com/1es-public/_packaging/npm-public/npm/registry/ieee754/-/ieee754-1.2.1.tgz", {}, "sha1-jrehCmP/8l0VpXsAFYbRd9Gw01I="],

    "immediate": ["immediate@3.0.6", "https://ms-feed-25.pkgs.visualstudio.com/1es-public/_packaging/npm-public/npm/registry/immediate/-/immediate-3.0.6.tgz", {}, "sha1-nbHb0Pr43m++D13V5Wu2BigN5ps="],

    "is-promise": ["is-promise@2.2.2", "https://ms-feed-25.pkgs.visualstudio.com/1es-public/_packaging/npm-public/npm/registry/is-promise/-/is-promise-2.2.2.tgz", {}, "sha1-OauVnMv5p3TPB597QMeib3YxNfE="],

    "isexe": ["isexe@2.0.0", "https://ms-feed-25.pkgs.visualstudio.com/1es-public/_packaging/npm-public/npm/registry/isexe/-/isexe-2.0.0.tgz", {}, "sha1-6PvzdNxVb/iUehDcsFctYz8s+hA="],

    "its-fine": ["its-fine@2.0.0", "https://ms-feed-25.pkgs.visualstudio.com/1es-public/_packaging/npm-public/npm/registry/its-fine/-/its-fine-2.0.0.tgz", { "dependencies": { "@types/react-reconciler": "^0.28.9" }, "peerDependencies": { "react": "^19.0.0" } }, "sha1-qQsYo+5MIRoftvqsKrzCtoLOHyE="],

    "lie": ["lie@3.3.0", "https://ms-feed-25.pkgs.visualstudio.com/1es-public/_packaging/npm-public/npm/registry/lie/-/lie-3.3.0.tgz", { "dependencies": { "immediate": "~3.0.5" } }, "sha1-3Pgt7lRfRgdNryAMfBxaCOD0D2o="],

    "lightningcss": ["lightningcss@1.33.0", "https://ms-feed-25.pkgs.visualstudio.com/1es-public/_packaging/npm-public/npm/registry/lightningcss/-/lightningcss-1.33.0.tgz", { "dependencies": { "detect-libc": "^2.0.3" }, "optionalDependencies": { "lightningcss-android-arm64": "1.33.0", "lightningcss-darwin-arm64": "1.33.0", "lightningcss-darwin-x64": "1.33.0", "lightningcss-freebsd-x64": "1.33.0", "lightningcss-linux-arm-gnueabihf": "1.33.0", "lightningcss-linux-arm64-gnu": "1.33.0", "lightningcss-linux-arm64-musl": "1.33.0", "lightningcss-linux-x64-gnu": "1.33.0", "lightningcss-linux-x64-musl": "1.33.0", "lightningcss-win32-arm64-msvc": "1.33.0", "lightningcss-win32-x64-msvc": "1.33.0" } }, "sha1-wIhn1xp5OFxuGQIU/XL+8+X5Xws="],

    "lightningcss-android-arm64": ["lightningcss-android-arm64@1.33.0", "https://ms-feed-25.pkgs.visualstudio.com/1es-public/_packaging/npm-public/npm/registry/lightningcss-android-arm64/-/lightningcss-android-arm64-1.33.0.tgz", { "os": "android", "cpu": "arm64" }, "sha1-mmhB+IrlD8g1ApA4krQa9BvCuQc="],

    "lightningcss-darwin-arm64": ["lightningcss-darwin-arm64@1.33.0", "https://ms-feed-25.pkgs.visualstudio.com/1es-public/_packaging/npm-public/npm/registry/lightningcss-darwin-arm64/-/lightningcss-darwin-arm64-1.33.0.tgz", { "os": "darwin", "cpu": "arm64" }, "sha1-wPLDHAv9GfpN0/GOlXofGhUgl9Y="],

    "lightningcss-darwin-x64": ["lightningcss-darwin-x64@1.33.0", "https://ms-feed-25.pkgs.visualstudio.com/1es-public/_packaging/npm-public/npm/registry/lightningcss-darwin-x64/-/lightningcss-darwin-x64-1.33.0.tgz", { "os": "darwin", "cpu": "x64" }, "sha1-ywcFllrLU4xmg5Sc5pJfs833w2E="],

    "lightningcss-freebsd-x64": ["lightningcss-freebsd-x64@1.33.0", "https://ms-feed-25.pkgs.visualstudio.com/1es-public/_packaging/npm-public/npm/registry/lightningcss-freebsd-x64/-/lightningcss-freebsd-x64-1.33.0.tgz", { "os": "freebsd", "cpu": "x64" }, "sha1-djU4gosmurJoDa2vzITueLDrUCs="],

    "lightningcss-linux-arm-gnueabihf": ["lightningcss-linux-arm-gnueabihf@1.33.0", "https://ms-feed-25.pkgs.visualstudio.com/1es-public/_packaging/npm-public/npm/registry/lightningcss-linux-arm-gnueabihf/-/lightningcss-linux-arm-gnueabihf-1.33.0.tgz", { "os": "linux", "cpu": "arm" }, "sha1-aGLjF2ozGu297B7TUrTX0N0HhN4="],

    "lightningcss-linux-arm64-gnu": ["lightningcss-linux-arm64-gnu@1.33.0", "https://ms-feed-25.pkgs.visualstudio.com/1es-public/_packaging/npm-public/npm/registry/lightningcss-linux-arm64-gnu/-/lightningcss-linux-arm64-gnu-1.33.0.tgz", { "os": "linux", "cpu": "arm64" }, "sha1-xqOi7RUUHa9r3CYokw+OOb30c6o="],

    "lightningcss-linux-arm64-musl": ["lightningcss-linux-arm64-musl@1.33.0", "https://ms-feed-25.pkgs.visualstudio.com/1es-public/_packaging/npm-public/npm/registry/lightningcss-linux-arm64-musl/-/lightningcss-linux-arm64-musl-1.33.0.tgz", { "os": "linux", "cpu": "arm64" }, "sha1-f6EzSXH8goRfmCffbvigsgkUusY="],

    "lightningcss-linux-x64-gnu": ["lightningcss-linux-x64-gnu@1.33.0", "https://ms-feed-25.pkgs.visualstudio.com/1es-public/_packaging/npm-public/npm/registry/lightningcss-linux-x64-gnu/-/lightningcss-linux-x64-gnu-1.33.0.tgz", { "os": "linux", "cpu": "x64" }, "sha1-i5J4YuqMK7xoMaRlCSRLUNmTblU="],

    "lightningcss-linux-x64-musl": ["lightningcss-linux-x64-musl@1.33.0", "https://ms-feed-25.pkgs.visualstudio.com/1es-public/_packaging/npm-public/npm/registry/lightningcss-linux-x64-musl/-/lightningcss-linux-x64-musl-1.33.0.tgz", { "os": "linux", "cpu": "x64" }, "sha1-DFJbsHff2UQEwFnP5C2teX6Wrq8="],

    "lightningcss-win32-arm64-msvc": ["lightningcss-win32-arm64-msvc@1.33.0", "https://ms-feed-25.pkgs.visualstudio.com/1es-public/_packaging/npm-public/npm/registry/lightningcss-win32-arm64-msvc/-/lightningcss-win32-arm64-msvc-1.33.0.tgz", { "os": "win32", "cpu": "arm64" }, "sha1-hQ7hED2smJz6tQ46wi0aaeOU5j0="],

    "lightningcss-win32-x64-msvc": ["lightningcss-win32-x64-msvc@1.33.0", "https://ms-feed-25.pkgs.visualstudio.com/1es-public/_packaging/npm-public/npm/registry/lightningcss-win32-x64-msvc/-/lightningcss-win32-x64-msvc-1.33.0.tgz", { "os": "win32", "cpu": "x64" }, "sha1-40OuFS7tNgncbhGUnRo785oclG8="],

    "lucide-react": ["lucide-react@0.468.0", "https://ms-feed-25.pkgs.visualstudio.com/1es-public/_packaging/npm-public/npm/registry/lucide-react/-/lucide-react-0.468.0.tgz", { "peerDependencies": { "react": "^16.5.1 || ^17.0.0 || ^18.0.0 || ^19.0.0-rc" } }, "sha1-gwwb/ZBVdd3SO4MrqkIMh9sWaRA="],

    "maath": ["maath@0.10.8", "https://ms-feed-25.pkgs.visualstudio.com/1es-public/_packaging/npm-public/npm/registry/maath/-/maath-0.10.8.tgz", { "peerDependencies": { "@types/three": ">=0.134.0", "three": ">=0.134.0" } }, "sha1-z2R1REMBQb9pgtpuh4q7bEuATiQ="],

    "meshline": ["meshline@3.3.1", "https://ms-feed-25.pkgs.visualstudio.com/1es-public/_packaging/npm-public/npm/registry/meshline/-/meshline-3.3.1.tgz", { "peerDependencies": { "three": ">=0.137" } }, "sha1-IN7P1c3SXIRp6GLd8Ksa0Wd1lzQ="],

    "meshoptimizer": ["meshoptimizer@1.1.1", "https://ms-feed-25.pkgs.visualstudio.com/1es-public/_packaging/npm-public/npm/registry/meshoptimizer/-/meshoptimizer-1.1.1.tgz", {}, "sha1-IMfQUNWb3FcxVIFPajfUfYmQjMo="],

    "nanoid": ["nanoid@3.3.18", "https://ms-feed-25.pkgs.visualstudio.com/1es-public/_packaging/npm-public/npm/registry/nanoid/-/nanoid-3.3.18.tgz", { "bin": "bin/nanoid.cjs" }, "sha1-9mot4Rmf/eD88hyKXxMQaxwIGRM="],

    "oxlint": ["oxlint@1.81.0", "https://ms-feed-25.pkgs.visualstudio.com/1es-public/_packaging/npm-public/npm/registry/oxlint/-/oxlint-1.81.0.tgz", { "optionalDependencies": { "@oxlint/binding-android-arm-eabi": "1.81.0", "@oxlint/binding-android-arm64": "1.81.0", "@oxlint/binding-darwin-arm64": "1.81.0", "@oxlint/binding-darwin-x64": "1.81.0", "@oxlint/binding-freebsd-x64": "1.81.0", "@oxlint/binding-linux-arm-gnueabihf": "1.81.0", "@oxlint/binding-linux-arm-musleabihf": "1.81.0", "@oxlint/binding-linux-arm64-gnu": "1.81.0", "@oxlint/binding-linux-arm64-musl": "1.81.0", "@oxlint/binding-linux-ppc64-gnu": "1.81.0", "@oxlint/binding-linux-riscv64-gnu": "1.81.0", "@oxlint/binding-linux-riscv64-musl": "1.81.0", "@oxlint/binding-linux-s390x-gnu": "1.81.0", "@oxlint/binding-linux-x64-gnu": "1.81.0", "@oxlint/binding-linux-x64-musl": "1.81.0", "@oxlint/binding-openharmony-arm64": "1.81.0", "@oxlint/binding-win32-arm64-msvc": "1.81.0", "@oxlint/binding-win32-ia32-msvc": "1.81.0", "@oxlint/binding-win32-x64-msvc": "1.81.0" }, "peerDependencies": { "oxlint-tsgolint": ">=7.0.2001", "vite-plus": "*" }, "optionalPeers": ["oxlint-tsgolint", "vite-plus"], "bin": "bin/oxlint" }, "sha1-eyCtopoXGIPeRRfQQepbBX+0irU="],

    "path-key": ["path-key@3.1.1", "https://ms-feed-25.pkgs.visualstudio.com/1es-public/_packaging/npm-public/npm/registry/path-key/-/path-key-3.1.1.tgz", {}, "sha1-WB9q3mWMu6ZaDTOA3ndTKVBU83U="],

    "picocolors": ["picocolors@1.1.1", "https://ms-feed-25.pkgs.visualstudio.com/1es-public/_packaging/npm-public/npm/registry/picocolors/-/picocolors-1.1.1.tgz", {}, "sha1-PTIa8+q5ObCDyPkpodEs2oHCa2s="],

    "picomatch": ["picomatch@4.0.7", "https://ms-feed-25.pkgs.visualstudio.com/1es-public/_packaging/npm-public/npm/registry/picomatch/-/picomatch-4.0.7.tgz", {}, "sha1-YxM2ADTMs2s9xh7L3/eBIfkP4h8="],

    "postcss": ["postcss@8.5.28", "https://ms-feed-25.pkgs.visualstudio.com/1es-public/_packaging/npm-public/npm/registry/postcss/-/postcss-8.5.28.tgz", { "dependencies": { "nanoid": "^3.3.18", "picocolors": "^1.1.1", "source-map-js": "^1.2.1" } }, "sha1-2kVjqZoG5i1sHNGsrjYyJLyu1uk="],

    "potpack": ["potpack@1.0.2", "https://ms-feed-25.pkgs.visualstudio.com/1es-public/_packaging/npm-public/npm/registry/potpack/-/potpack-1.0.2.tgz", {}, "sha1-I7meZOt09XQf/nZWtbXE3c6N/BQ="],

    "promise-worker-transferable": ["promise-worker-transferable@1.0.4", "https://ms-feed-25.pkgs.visualstudio.com/1es-public/_packaging/npm-public/npm/registry/promise-worker-transferable/-/promise-worker-transferable-1.0.4.tgz", { "dependencies": { "is-promise": "^2.1.0", "lie": "^3.0.2" } }, "sha1-LHKGG6BT5a5CtIe0qDse0643hug="],

    "react": ["react@19.2.8", "https://ms-feed-25.pkgs.visualstudio.com/1es-public/_packaging/npm-public/npm/registry/react/-/react-19.2.8.tgz", {}, "sha1-qAZj27WNacb+P9KR08syTop9/y0="],

    "react-dom": ["react-dom@19.2.8", "https://ms-feed-25.pkgs.visualstudio.com/1es-public/_packaging/npm-public/npm/registry/react-dom/-/react-dom-19.2.8.tgz", { "dependencies": { "scheduler": "^0.27.0" }, "peerDependencies": { "react": "^19.2.8" } }, "sha1-O0a57tqHfN/yzxPSdw//SuNsLsI="],

    "react-use-measure": ["react-use-measure@2.1.7", "https://ms-feed-25.pkgs.visualstudio.com/1es-public/_packaging/npm-public/npm/registry/react-use-measure/-/react-use-measure-2.1.7.tgz", { "peerDependencies": { "react": ">=16.13", "react-dom": ">=16.13" } }, "sha1-Nrii5/0vpYEJq4UbOt3LCq1mrR0="],

    "require-from-string": ["require-from-string@2.0.2", "https://ms-feed-25.pkgs.visualstudio.com/1es-public/_packaging/npm-public/npm/registry/require-from-string/-/require-from-string-2.0.2.tgz", {}, "sha1-iaf92TgmEmcxjq/hT5wy5ZjDaQk="],

    "rolldown": ["rolldown@1.2.7", "https://ms-feed-25.pkgs.visualstudio.com/1es-public/_packaging/npm-public/npm/registry/rolldown/-/rolldown-1.2.7.tgz", { "dependencies": { "@oxc-project/types": "=0.148.0", "@rolldown/pluginutils": "^1.0.0" }, "optionalDependencies": { "@rolldown/binding-android-arm-eabi": "1.2.7", "@rolldown/binding-android-arm64": "1.2.7", "@rolldown/binding-darwin-arm64": "1.2.7", "@rolldown/binding-darwin-x64": "1.2.7", "@rolldown/binding-freebsd-x64": "1.2.7", "@rolldown/binding-linux-arm-gnueabihf": "1.2.7", "@rolldown/binding-linux-arm64-gnu": "1.2.7", "@rolldown/binding-linux-arm64-musl": "1.2.7", "@rolldown/binding-linux-ppc64-gnu": "1.2.7", "@rolldown/binding-linux-s390x-gnu": "1.2.7", "@rolldown/binding-linux-x64-gnu": "1.2.7", "@rolldown/binding-linux-x64-musl": "1.2.7", "@rolldown/binding-openharmony-arm64": "1.2.7", "@rolldown/binding-win32-arm64-msvc": "1.2.7", "@rolldown/binding-win32-x64-msvc": "1.2.7" }, "bin": "bin/cli.mjs" }, "sha1-vPxIQwQxNW+V/fOZ+kBCmOePR0A="],

    "scheduler": ["scheduler@0.27.0", "https://ms-feed-25.pkgs.visualstudio.com/1es-public/_packaging/npm-public/npm/registry/scheduler/-/scheduler-0.27.0.tgz", {}, "sha1-DE74LWfR5cHjWej8dtOofwRf5b0="],

    "shebang-command": ["shebang-command@2.0.0", "https://ms-feed-25.pkgs.visualstudio.com/1es-public/_packaging/npm-public/npm/registry/shebang-command/-/shebang-command-2.0.0.tgz", { "dependencies": { "shebang-regex": "^3.0.0" } }, "sha1-zNCvT4g1+9wmW4JGGq8MNmY/NOo="],

    "shebang-regex": ["shebang-regex@3.0.0", "https://ms-feed-25.pkgs.visualstudio.com/1es-public/_packaging/npm-public/npm/registry/shebang-regex/-/shebang-regex-3.0.0.tgz", {}, "sha1-rhbxZE2HPsrYQ7AwexQzYtTEIXI="],

    "simplex-noise": ["simplex-noise@4.0.3", "https://ms-feed-25.pkgs.visualstudio.com/1es-public/_packaging/npm-public/npm/registry/simplex-noise/-/simplex-noise-4.0.3.tgz", {}, "sha1-5guEDs+5rJcocMjHl5vYZ6W0Ay8="],

    "source-map-js": ["source-map-js@1.2.1", "https://ms-feed-25.pkgs.visualstudio.com/1es-public/_packaging/npm-public/npm/registry/source-map-js/-/source-map-js-1.2.1.tgz", {}, "sha1-HOVlD93YerwJnto33P8CTCZnrkY="],

    "stats-gl": ["stats-gl@2.4.2", "https://ms-feed-25.pkgs.visualstudio.com/1es-public/_packaging/npm-public/npm/registry/stats-gl/-/stats-gl-2.4.2.tgz", { "dependencies": { "@types/three": "*", "three": "^0.170.0" }, "peerDependencies": { "@types/three": "*", "three": "*" } }, "sha1-KKbIafw6Nqi+YI7yHfY8Cq2Z0bo="],

    "stats.js": ["stats.js@0.17.0", "https://ms-feed-25.pkgs.visualstudio.com/1es-public/_packaging/npm-public/npm/registry/stats.js/-/stats.js-0.17.0.tgz", {}, "sha1-scPcRtlEmLV4t/05hbgaznExzH0="],

    "suspend-react": ["suspend-react@0.1.3", "https://ms-feed-25.pkgs.visualstudio.com/1es-public/_packaging/npm-public/npm/registry/suspend-react/-/suspend-react-0.1.3.tgz", { "peerDependencies": { "react": ">=17.0" } }, "sha1-pS9J0hz66aL7cL0MaEE9P52Qdo4="],

    "three": ["three@0.185.1", "https://ms-feed-25.pkgs.visualstudio.com/1es-public/_packaging/npm-public/npm/registry/three/-/three-0.185.1.tgz", {}, "sha1-Y+niQaF7EB4hGWUSGgF7S02AVK4="],

    "three-mesh-bvh": ["three-mesh-bvh@0.8.3", "https://ms-feed-25.pkgs.visualstudio.com/1es-public/_packaging/npm-public/npm/registry/three-mesh-bvh/-/three-mesh-bvh-0.8.3.tgz", { "peerDependencies": { "three": ">= 0.159.0" } }, "sha1-xeckcufwYv95CEFXolwSLXMYQWM="],

    "three-stdlib": ["three-stdlib@2.36.1", "https://ms-feed-25.pkgs.visualstudio.com/1es-public/_packaging/npm-public/npm/registry/three-stdlib/-/three-stdlib-2.36.1.tgz", { "dependencies": { "@types/draco3d": "^1.4.0", "@types/offscreencanvas": "^2019.6.4", "@types/webxr": "^0.5.2", "draco3d": "^1.4.1", "fflate": "^0.6.9", "potpack": "^1.0.1" }, "peerDependencies": { "three": ">=0.128.0" } }, "sha1-eq2AXz3huPeSJ0ImEyvagJ/LFcU="],

    "tinyglobby": ["tinyglobby@0.2.17", "https://ms-feed-25.pkgs.visualstudio.com/1es-public/_packaging/npm-public/npm/registry/tinyglobby/-/tinyglobby-0.2.17.tgz", { "dependencies": { "fdir": "^6.5.0", "picomatch": "^4.0.4" } }, "sha1-ViqabJ6ys7Ej05cZ+a9btE/NdjE="],

    "troika-three-text": ["troika-three-text@0.52.5", "https://ms-feed-25.pkgs.visualstudio.com/1es-public/_packaging/npm-public/npm/registry/troika-three-text/-/troika-three-text-0.52.5.tgz", { "dependencies": { "bidi-js": "^1.0.2", "troika-three-utils": "^0.52.5", "troika-worker-utils": "^0.52.0", "webgl-sdf-generator": "1.1.1" }, "peerDependencies": { "three": ">=0.125.0" } }, "sha1-r1qfLAy+X+cBZcvIcPcDfzeeSpo="],

    "troika-three-utils": ["troika-three-utils@0.52.5", "https://ms-feed-25.pkgs.visualstudio.com/1es-public/_packaging/npm-public/npm/registry/troika-three-utils/-/troika-three-utils-0.52.5.tgz", { "peerDependencies": { "three": ">=0.125.0" } }, "sha1-hlsmnRVbtejxwcjWzL8SMCLLQpM="],

    "troika-worker-utils": ["troika-worker-utils@0.52.0", "https://ms-feed-25.pkgs.visualstudio.com/1es-public/_packaging/npm-public/npm/registry/troika-worker-utils/-/troika-worker-utils-0.52.0.tgz", {}, "sha1-ulUl/ERDRQBuurC8nKvdZvFWHmY="],

    "tunnel-rat": ["tunnel-rat@0.1.2", "https://ms-feed-25.pkgs.visualstudio.com/1es-public/_packaging/npm-public/npm/registry/tunnel-rat/-/tunnel-rat-0.1.2.tgz", { "dependencies": { "zustand": "^4.3.2" } }, "sha1-FxfvvEdOotiqBakWIkV6biAcCus="],

    "typescript": ["typescript@6.0.3", "https://ms-feed-25.pkgs.visualstudio.com/1es-public/_packaging/npm-public/npm/registry/typescript/-/typescript-6.0.3.tgz", { "bin": { "tsc": "bin/tsc", "tsserver": "bin/tsserver" } }, "sha1-kCUdwAeRbpcnhsuU100VsYVXfSE="],

    "undici-types": ["undici-types@7.18.2", "https://ms-feed-25.pkgs.visualstudio.com/1es-public/_packaging/npm-public/npm/registry/undici-types/-/undici-types-7.18.2.tgz", {}, "sha1-KTV6iee3ykrvO/D9P9DNc4hCKek="],

    "use-sync-external-store": ["use-sync-external-store@1.6.0", "https://ms-feed-25.pkgs.visualstudio.com/1es-public/_packaging/npm-public/npm/registry/use-sync-external-store/-/use-sync-external-store-1.6.0.tgz", { "peerDependencies": { "react": "^16.8.0 || ^17.0.0 || ^18.0.0 || ^19.0.0" } }, "sha1-sXS/plyytSZzLZ8qwKQIAnh28y0="],

    "utility-types": ["utility-types@3.11.0", "https://ms-feed-25.pkgs.visualstudio.com/1es-public/_packaging/npm-public/npm/registry/utility-types/-/utility-types-3.11.0.tgz", {}, "sha1-YHxA7bTyWJFekB6nmVYH/fMZQkw="],

    "vite": ["vite@8.2.2", "https://ms-feed-25.pkgs.visualstudio.com/1es-public/_packaging/npm-public/npm/registry/vite/-/vite-8.2.2.tgz", { "dependencies": { "lightningcss": "^1.33.0", "picomatch": "^4.0.5", "postcss": "^8.5.26", "rolldown": "~1.2.4", "tinyglobby": "^0.2.17" }, "optionalDependencies": { "fsevents": "~2.3.3" }, "peerDependencies": { "@types/node": "^20.19.0 || >=22.12.0", "@vitejs/devtools": "^0.4.0 || ^0.5.0", "esbuild": "^0.27.0 || ^0.28.0", "jiti": ">=1.21.0", "less": "^4.0.0", "sass": "^1.70.0", "sass-embedded": "^1.70.0", "stylus": ">=0.54.8", "sugarss": "^5.0.0", "terser": "^5.16.0", "tsx": "^4.8.1", "yaml": "^2.4.2" }, "optionalPeers": ["@vitejs/devtools", "esbuild", "jiti", "less", "sass", "sass-embedded", "stylus", "sugarss", "terser", "tsx", "yaml"], "bin": "bin/vite.js" }, "sha1-OZrvrTZWFFFFvhENE3oH6lu1UBQ="],

    "webgl-constants": ["webgl-constants@1.1.1", "https://ms-feed-25.pkgs.visualstudio.com/1es-public/_packaging/npm-public/npm/registry/webgl-constants/-/webgl-constants-1.1.1.tgz", {}, "sha1-+WM+6H/qVmR6YLnOc1y9+4kcaFU="],

    "webgl-sdf-generator": ["webgl-sdf-generator@1.1.1", "https://ms-feed-25.pkgs.visualstudio.com/1es-public/_packaging/npm-public/npm/registry/webgl-sdf-generator/-/webgl-sdf-generator-1.1.1.tgz", {}, "sha1-PhtCKz2HzTzHfyYCydtjvA9qzL0="],

    "which": ["which@2.0.2", "https://ms-feed-25.pkgs.visualstudio.com/1es-public/_packaging/npm-public/npm/registry/which/-/which-2.0.2.tgz", { "dependencies": { "isexe": "^2.0.0" }, "bin": { "node-which": "bin/node-which" } }, "sha1-fGqN0KY2oDJ+ELWckobu6T8/UbE="],

    "zustand": ["zustand@5.0.15", "https://ms-feed-25.pkgs.visualstudio.com/1es-public/_packaging/npm-public/npm/registry/zustand/-/zustand-5.0.15.tgz", { "peerDependencies": { "@types/react": ">=18.0.0", "immer": ">=9.0.6", "react": ">=18.0.0", "use-sync-external-store": ">=1.2.0" }, "optionalPeers": ["immer"] }, "sha1-Qr3fNWR8uAqBiolDpp9mGMEm/P4="],

    "@types/three/@dimforge/rapier3d-compat": ["@dimforge/rapier3d-compat@0.12.0", "https://ms-feed-25.pkgs.visualstudio.com/1es-public/_packaging/npm-public/npm/registry/@dimforge/rapier3d-compat/-/rapier3d-compat-0.12.0.tgz", {}, "sha1-ezNl4d/cXNlXtFr+kgtKwGx804k="],

    "stats-gl/three": ["three@0.170.0", "https://ms-feed-25.pkgs.visualstudio.com/1es-public/_packaging/npm-public/npm/registry/three/-/three-0.170.0.tgz", {}, "sha1-YIf5eqt56ekxL5yJ/O9oCGQt+7c="],

    "three-stdlib/fflate": ["fflate@0.6.11", "https://ms-feed-25.pkgs.visualstudio.com/1es-public/_packaging/npm-public/npm/registry/fflate/-/fflate-0.6.11.tgz", {}, "sha1-qWu6VeOvoc8tShKHGQ+m1Ixa38k="],

    "tunnel-rat/zustand": ["zustand@4.5.7", "https://ms-feed-25.pkgs.visualstudio.com/1es-public/_packaging/npm-public/npm/registry/zustand/-/zustand-4.5.7.tgz", { "dependencies": { "use-sync-external-store": "^1.2.2" }, "peerDependencies": { "@types/react": ">=16.8", "immer": ">=9.0.6", "react": ">=16.8" }, "optionalPeers": ["immer"] }, "sha1-fWuyAmoUJBXdi+iJHXhw5tvmX1U="],
  }
}
